
Microsoft Visual Studio Solution File, Format Version 12.00
# Visual Studio Version 17
VisualStudioVersion = 17.4.33122.133
MinimumVisualStudioVersion = 10.0.40219.1
Project("{FAE04EC0-301F-11D3-BF4B-00C04F79EFBC}") = "Sphinx", "Sphinx\Sphinx.csproj", "{074650FE-6D86-4E7E-B99A-C969EA4B2212}"
EndProject
Global
	GlobalSection(SolutionConfigurationPlatforms) = preSolution
		Debug|Any CPU = Debug|Any CPU
		Release|Any CPU = Release|Any CPU
	EndGlobalSection
	GlobalSection(ProjectConfigurationPlatforms) = postSolution
		{074650FE-6D86-4E7E-B99A-C969EA4B2212}.Debug|Any CPU.ActiveCfg = Debug|Any CPU
		{074650FE-6D86-4E7E-B99A-C969EA4B2212}.Debug|Any CPU.Build.0 = Debug|Any CPU
		{074650FE-6D86-4E7E-B99A-C969EA4B2212}.Release|Any CPU.ActiveCfg = Release|Any CPU
		{074650FE-6D86-4E7E-B99A-C969EA4B2212}.Release|Any CPU.Build.0 = Release|Any CPU
	EndGlobalSection
	GlobalSection(SolutionProperties) = preSolution
		HideSolutionNode = FALSE
	EndGlobalSection
	GlobalSection(ExtensibilityGlobals) = postSolution
		SolutionGuid = {D9C8B824-5983-4AE0-A331-F5819CE59107}
	EndGlobalSection
EndGlobal
